PODS:
  - SASFramework (1.0.2)

DEPENDENCIES:
  - SASFramework (from `/Users/sukumaranupsukumaran/Desktop/Framework/SASFramework/SASFramework`)

EXTERNAL SOURCES:
  SASFramework:
    :path: "/Users/sukumaranupsukumaran/Desktop/Framework/SASFramework/SASFramework"

SPEC CHECKSUMS:
  SASFramework: f041af777efe02a469f6578d9612fbd78a339ace

PODFILE CHECKSUM: 09774d10a772ac3e81f465249a49c02587a642f6

COCOAPODS: 1.8.4
